Microsoft Visual Studio Solution File, Format Version 12.00
# Visual Studio Version 18
VisualStudioVersion = 18.5.11619.145 insiders
MinimumVisualStudioVersion = 10.0.40219.1
Project("{9A19103F-16F7-4668-BE54-9A1E7A4F7556}") = "SmartWorkz.Core", "SmartWorkz.Core.csproj", "{7A3B5C1F-8B2D-4E9F-9C1A-2D5E8F3B7C9A}"
EndProject
Project("{9A19103F-16F7-4668-BE54-9A1E7A4F7556}") = "SmartWorkz.Core.Shared", "..\SmartWorkz.Core.Shared\SmartWorkz.Core.Shared.csproj", "{AFCD2DD6-A91F-415B-88B9-FA7CBB29BF24}"
EndProject
Project("{9A19103F-16F7-4668-BE54-9A1E7A4F7556}") = "SmartWorkz.Core.Web", "..\SmartWorkz.Core.Web\SmartWorkz.Core.Web.csproj", "{90F62027-8D80-41C6-A2CB-581FB9DEAAB4}"
EndProject
Project("{9A19103F-16F7-4668-BE54-9A1E7A4F7556}") = "SmartWorkz.Core.External", "..\SmartWorkz.Core.External\SmartWorkz.Core.External.csproj", "{44361EF6-ECEE-46AD-9DCD-54AD8A715114}"
EndProject
Project("{9A19103F-16F7-4668-BE54-9A1E7A4F7556}") = "SmartWorkz.Core.Wiki", "..\SmartWorkz.Core.Wiki\SmartWorkz.Core.Wiki.csproj", "{A1B2C3D4-E5F6-47A8-9B0C-1D2E3F4A5B6C}"
EndProject
Project("{2150E333-8FDC-42A3-9474-1A3956D46DE8}") = "Docs", "Docs", "{F5D5B5F5-5F5F-5F5F-5F5F-5F5F5F5F5F5F}"
	ProjectSection(SolutionItems) = preProject
		..\..\docs\GRID_COMPONENT_WIKI.md = ..\..\docs\GRID_COMPONENT_WIKI.md
		..\..\docs\GRID_COMPONENT_USAGE.md = ..\..\docs\GRID_COMPONENT_USAGE.md
		..\..\docs\SMARTWORKZ_CORE_DEVELOPER_GUIDE.md = ..\..\docs\SMARTWORKZ_CORE_DEVELOPER_GUIDE.md
		..\..\docs\SMARTWORKZ_JUNIOR_DEV_GUIDE.md = ..\..\docs\SMARTWORKZ_JUNIOR_DEV_GUIDE.md
		..\..\docs\SMARTWORKZ_QUICK_REFERENCE.md = ..\..\docs\SMARTWORKZ_QUICK_REFERENCE.md
	EndProjectSection
EndProject
Global
	GlobalSection(SolutionConfigurationPlatforms) = preSolution
		Debug|Any CPU = Debug|Any CPU
		Release|Any CPU = Release|Any CPU
	EndGlobalSection
	GlobalSection(ProjectConfigurationPlatforms) = postSolution
		{7A3B5C1F-8B2D-4E9F-9C1A-2D5E8F3B7C9A}.Debug|Any CPU.ActiveCfg = Debug|Any CPU
		{7A3B5C1F-8B2D-4E9F-9C1A-2D5E8F3B7C9A}.Debug|Any CPU.Build.0 = Debug|Any CPU
		{7A3B5C1F-8B2D-4E9F-9C1A-2D5E8F3B7C9A}.Release|Any CPU.ActiveCfg = Release|Any CPU
		{7A3B5C1F-8B2D-4E9F-9C1A-2D5E8F3B7C9A}.Release|Any CPU.Build.0 = Release|Any CPU
		{AFCD2DD6-A91F-415B-88B9-FA7CBB29BF24}.Debug|Any CPU.ActiveCfg = Debug|Any CPU
		{AFCD2DD6-A91F-415B-88B9-FA7CBB29BF24}.Debug|Any CPU.Build.0 = Debug|Any CPU
		{AFCD2DD6-A91F-415B-88B9-FA7CBB29BF24}.Release|Any CPU.ActiveCfg = Release|Any CPU
		{AFCD2DD6-A91F-415B-88B9-FA7CBB29BF24}.Release|Any CPU.Build.0 = Release|Any CPU
		{90F62027-8D80-41C6-A2CB-581FB9DEAAB4}.Debug|Any CPU.ActiveCfg = Debug|Any CPU
		{90F62027-8D80-41C6-A2CB-581FB9DEAAB4}.Debug|Any CPU.Build.0 = Debug|Any CPU
		{90F62027-8D80-41C6-A2CB-581FB9DEAAB4}.Release|Any CPU.ActiveCfg = Release|Any CPU
		{90F62027-8D80-41C6-A2CB-581FB9DEAAB4}.Release|Any CPU.Build.0 = Release|Any CPU
		{44361EF6-ECEE-46AD-9DCD-54AD8A715114}.Debug|Any CPU.ActiveCfg = Debug|Any CPU
		{44361EF6-ECEE-46AD-9DCD-54AD8A715114}.Debug|Any CPU.Build.0 = Debug|Any CPU
		{44361EF6-ECEE-46AD-9DCD-54AD8A715114}.Release|Any CPU.ActiveCfg = Release|Any CPU
		{44361EF6-ECEE-46AD-9DCD-54AD8A715114}.Release|Any CPU.Build.0 = Release|Any CPU
		{A1B2C3D4-E5F6-47A8-9B0C-1D2E3F4A5B6C}.Debug|Any CPU.ActiveCfg = Debug|Any CPU
		{A1B2C3D4-E5F6-47A8-9B0C-1D2E3F4A5B6C}.Debug|Any CPU.Build.0 = Debug|Any CPU
		{A1B2C3D4-E5F6-47A8-9B0C-1D2E3F4A5B6C}.Release|Any CPU.ActiveCfg = Release|Any CPU
		{A1B2C3D4-E5F6-47A8-9B0C-1D2E3F4A5B6C}.Release|Any CPU.Build.0 = Release|Any CPU
	EndGlobalSection
	GlobalSection(SolutionProperties) = preSolution
		HideSolutionNode = FALSE
	EndGlobalSection
EndGlobal
