
Microsoft Visual Studio Solution File, Format Version 12.00
# Visual Studio Version 17
VisualStudioVersion = 17.0.31903.59
MinimumVisualStudioVersion = 10.0.40219.1
Project("{2150E333-8FDC-42A3-9474-1A3956D46DE8}") = "src", "src", "{827E0CD3-B72D-47B6-A68D-7590B98EB39B}"
EndProject
Project("{FAE04EC0-301F-11D3-BF4B-00C04F79EFBC}") = "SmartWorkz.Core", "src\SmartWorkz.Core\SmartWorkz.Core.csproj", "{9B4F24D3-D2B0-4F4C-B915-B1824E72DCF3}"
EndProject
Project("{FAE04EC0-301F-11D3-BF4B-00C04F79EFBC}") = "SmartWorkz.Core.Shared", "src\SmartWorkz.Core.Shared\SmartWorkz.Core.Shared.csproj", "{86AC1BE1-2FB0-41B3-BFB3-0CF85923BD9E}"
EndProject
Project("{FAE04EC0-301F-11D3-BF4B-00C04F79EFBC}") = "SmartWorkz.Core.Web", "src\SmartWorkz.Core.Web\SmartWorkz.Core.Web.csproj", "{235160E1-294B-4BE9-BC09-59F6278C996C}"
EndProject
Project("{2150E333-8FDC-42A3-9474-1A3956D46DE8}") = "tests", "tests", "{0AB3BF05-4346-4AA6-1389-037BE0695223}"
EndProject
Project("{FAE04EC0-301F-11D3-BF4B-00C04F79EFBC}") = "SmartWorkz.Core.Web.Tests", "tests\SmartWorkz.Core.Web.Tests\SmartWorkz.Core.Web.Tests.csproj", "{2B54808F-07AF-4F6D-A2B6-235AA708583E}"
EndProject
Project("{FAE04EC0-301F-11D3-BF4B-00C04F79EFBC}") = "SmartWorkz.StarterKitMVC.WebUI", "src\SmartWorkz.StarterKitMVC.WebUI\SmartWorkz.StarterKitMVC.WebUI.csproj", "{5B6F779B-935C-464D-812D-C339052C40C1}"
EndProject
Global
	GlobalSection(SolutionConfigurationPlatforms) = preSolution
		Debug|Any CPU = Debug|Any CPU
		Debug|x64 = Debug|x64
		Debug|x86 = Debug|x86
		Release|Any CPU = Release|Any CPU
		Release|x64 = Release|x64
		Release|x86 = Release|x86
	EndGlobalSection
	GlobalSection(ProjectConfigurationPlatforms) = postSolution
		{9B4F24D3-D2B0-4F4C-B915-B1824E72DCF3}.Debug|Any CPU.ActiveCfg = Debug|Any CPU
		{9B4F24D3-D2B0-4F4C-B915-B1824E72DCF3}.Debug|Any CPU.Build.0 = Debug|Any CPU
		{9B4F24D3-D2B0-4F4C-B915-B1824E72DCF3}.Debug|x64.ActiveCfg = Debug|Any CPU
		{9B4F24D3-D2B0-4F4C-B915-B1824E72DCF3}.Debug|x64.Build.0 = Debug|Any CPU
		{9B4F24D3-D2B0-4F4C-B915-B1824E72DCF3}.Debug|x86.ActiveCfg = Debug|Any CPU
		{9B4F24D3-D2B0-4F4C-B915-B1824E72DCF3}.Debug|x86.Build.0 = Debug|Any CPU
		{9B4F24D3-D2B0-4F4C-B915-B1824E72DCF3}.Release|Any CPU.ActiveCfg = Release|Any CPU
		{9B4F24D3-D2B0-4F4C-B915-B1824E72DCF3}.Release|Any CPU.Build.0 = Release|Any CPU
		{9B4F24D3-D2B0-4F4C-B915-B1824E72DCF3}.Release|x64.ActiveCfg = Release|Any CPU
		{9B4F24D3-D2B0-4F4C-B915-B1824E72DCF3}.Release|x64.Build.0 = Release|Any CPU
		{9B4F24D3-D2B0-4F4C-B915-B1824E72DCF3}.Release|x86.ActiveCfg = Release|Any CPU
		{9B4F24D3-D2B0-4F4C-B915-B1824E72DCF3}.Release|x86.Build.0 = Release|Any CPU
		{86AC1BE1-2FB0-41B3-BFB3-0CF85923BD9E}.Debug|Any CPU.ActiveCfg = Debug|Any CPU
		{86AC1BE1-2FB0-41B3-BFB3-0CF85923BD9E}.Debug|Any CPU.Build.0 = Debug|Any CPU
		{86AC1BE1-2FB0-41B3-BFB3-0CF85923BD9E}.Debug|x64.ActiveCfg = Debug|Any CPU
		{86AC1BE1-2FB0-41B3-BFB3-0CF85923BD9E}.Debug|x64.Build.0 = Debug|Any CPU
		{86AC1BE1-2FB0-41B3-BFB3-0CF85923BD9E}.Debug|x86.ActiveCfg = Debug|Any CPU
		{86AC1BE1-2FB0-41B3-BFB3-0CF85923BD9E}.Debug|x86.Build.0 = Debug|Any CPU
		{86AC1BE1-2FB0-41B3-BFB3-0CF85923BD9E}.Release|Any CPU.ActiveCfg = Release|Any CPU
		{86AC1BE1-2FB0-41B3-BFB3-0CF85923BD9E}.Release|Any CPU.Build.0 = Release|Any CPU
		{86AC1BE1-2FB0-41B3-BFB3-0CF85923BD9E}.Release|x64.ActiveCfg = Release|Any CPU
		{86AC1BE1-2FB0-41B3-BFB3-0CF85923BD9E}.Release|x64.Build.0 = Release|Any CPU
		{86AC1BE1-2FB0-41B3-BFB3-0CF85923BD9E}.Release|x86.ActiveCfg = Release|Any CPU
		{86AC1BE1-2FB0-41B3-BFB3-0CF85923BD9E}.Release|x86.Build.0 = Release|Any CPU
		{235160E1-294B-4BE9-BC09-59F6278C996C}.Debug|Any CPU.ActiveCfg = Debug|Any CPU
		{235160E1-294B-4BE9-BC09-59F6278C996C}.Debug|Any CPU.Build.0 = Debug|Any CPU
		{235160E1-294B-4BE9-BC09-59F6278C996C}.Debug|x64.ActiveCfg = Debug|Any CPU
		{235160E1-294B-4BE9-BC09-59F6278C996C}.Debug|x64.Build.0 = Debug|Any CPU
		{235160E1-294B-4BE9-BC09-59F6278C996C}.Debug|x86.ActiveCfg = Debug|Any CPU
		{235160E1-294B-4BE9-BC09-59F6278C996C}.Debug|x86.Build.0 = Debug|Any CPU
		{235160E1-294B-4BE9-BC09-59F6278C996C}.Release|Any CPU.ActiveCfg = Release|Any CPU
		{235160E1-294B-4BE9-BC09-59F6278C996C}.Release|Any CPU.Build.0 = Release|Any CPU
		{235160E1-294B-4BE9-BC09-59F6278C996C}.Release|x64.ActiveCfg = Release|Any CPU
		{235160E1-294B-4BE9-BC09-59F6278C996C}.Release|x64.Build.0 = Release|Any CPU
		{235160E1-294B-4BE9-BC09-59F6278C996C}.Release|x86.ActiveCfg = Release|Any CPU
		{235160E1-294B-4BE9-BC09-59F6278C996C}.Release|x86.Build.0 = Release|Any CPU
		{2B54808F-07AF-4F6D-A2B6-235AA708583E}.Debug|Any CPU.ActiveCfg = Debug|Any CPU
		{2B54808F-07AF-4F6D-A2B6-235AA708583E}.Debug|Any CPU.Build.0 = Debug|Any CPU
		{2B54808F-07AF-4F6D-A2B6-235AA708583E}.Debug|x64.ActiveCfg = Debug|Any CPU
		{2B54808F-07AF-4F6D-A2B6-235AA708583E}.Debug|x64.Build.0 = Debug|Any CPU
		{2B54808F-07AF-4F6D-A2B6-235AA708583E}.Debug|x86.ActiveCfg = Debug|Any CPU
		{2B54808F-07AF-4F6D-A2B6-235AA708583E}.Debug|x86.Build.0 = Debug|Any CPU
		{2B54808F-07AF-4F6D-A2B6-235AA708583E}.Release|Any CPU.ActiveCfg = Release|Any CPU
		{2B54808F-07AF-4F6D-A2B6-235AA708583E}.Release|Any CPU.Build.0 = Release|Any CPU
		{2B54808F-07AF-4F6D-A2B6-235AA708583E}.Release|x64.ActiveCfg = Release|Any CPU
		{2B54808F-07AF-4F6D-A2B6-235AA708583E}.Release|x64.Build.0 = Release|Any CPU
		{2B54808F-07AF-4F6D-A2B6-235AA708583E}.Release|x86.ActiveCfg = Release|Any CPU
		{2B54808F-07AF-4F6D-A2B6-235AA708583E}.Release|x86.Build.0 = Release|Any CPU
		{5B6F779B-935C-464D-812D-C339052C40C1}.Debug|Any CPU.ActiveCfg = Debug|Any CPU
		{5B6F779B-935C-464D-812D-C339052C40C1}.Debug|Any CPU.Build.0 = Debug|Any CPU
		{5B6F779B-935C-464D-812D-C339052C40C1}.Debug|x64.ActiveCfg = Debug|Any CPU
		{5B6F779B-935C-464D-812D-C339052C40C1}.Debug|x64.Build.0 = Debug|Any CPU
		{5B6F779B-935C-464D-812D-C339052C40C1}.Debug|x86.ActiveCfg = Debug|Any CPU
		{5B6F779B-935C-464D-812D-C339052C40C1}.Debug|x86.Build.0 = Debug|Any CPU
		{5B6F779B-935C-464D-812D-C339052C40C1}.Release|Any CPU.ActiveCfg = Release|Any CPU
		{5B6F779B-935C-464D-812D-C339052C40C1}.Release|Any CPU.Build.0 = Release|Any CPU
		{5B6F779B-935C-464D-812D-C339052C40C1}.Release|x64.ActiveCfg = Release|Any CPU
		{5B6F779B-935C-464D-812D-C339052C40C1}.Release|x64.Build.0 = Release|Any CPU
		{5B6F779B-935C-464D-812D-C339052C40C1}.Release|x86.ActiveCfg = Release|Any CPU
		{5B6F779B-935C-464D-812D-C339052C40C1}.Release|x86.Build.0 = Release|Any CPU
	EndGlobalSection
	GlobalSection(SolutionProperties) = preSolution
		HideSolutionNode = FALSE
	EndGlobalSection
	GlobalSection(NestedProjects) = preSolution
		{9B4F24D3-D2B0-4F4C-B915-B1824E72DCF3} = {827E0CD3-B72D-47B6-A68D-7590B98EB39B}
		{86AC1BE1-2FB0-41B3-BFB3-0CF85923BD9E} = {827E0CD3-B72D-47B6-A68D-7590B98EB39B}
		{235160E1-294B-4BE9-BC09-59F6278C996C} = {827E0CD3-B72D-47B6-A68D-7590B98EB39B}
		{2B54808F-07AF-4F6D-A2B6-235AA708583E} = {0AB3BF05-4346-4AA6-1389-037BE0695223}
		{5B6F779B-935C-464D-812D-C339052C40C1} = {827E0CD3-B72D-47B6-A68D-7590B98EB39B}
	EndGlobalSection
EndGlobal
